
Microsoft Visual Studio Solution File, Format Version 12.00
# Visual Studio Version 17
VisualStudioVersion = 17.2.32616.157
MinimumVisualStudioVersion = 10.0.40219.1
Project("{9A19103F-16F7-4668-BE54-9A1E7A4F7556}") = "Master_FinalProject", "Master_FinalProject\Master_FinalProject.csproj", "{8AE553D0-52F2-4C3A-B0AD-37FA9DC3F11A}"
EndProject
Project("{9A19103F-16F7-4668-BE54-9A1E7A4F7556}") = "DataAccess", "DataAccess\DataAccess.csproj", "{F21CB6F8-CA20-4035-82BD-5838C271C4A2}"
EndProject
Project("{9A19103F-16F7-4668-BE54-9A1E7A4F7556}") = "ApiManager", "ApiManager\ApiManager.csproj", "{2D579E4E-5826-4003-B287-D6756DE5BC5E}"
EndProject
Project("{FAE04EC0-301F-11D3-BF4B-00C04F79EFBC}") = "Poco", "Poco\Poco.csproj", "{7E9C88F0-BBD4-435C-A628-26F40D326E9F}"
EndProject
Global
	GlobalSection(SolutionConfigurationPlatforms) = preSolution
		Debug|Any CPU = Debug|Any CPU
		Release|Any CPU = Release|Any CPU
	EndGlobalSection
	GlobalSection(ProjectConfigurationPlatforms) = postSolution
		{8AE553D0-52F2-4C3A-B0AD-37FA9DC3F11A}.Debug|Any CPU.ActiveCfg = Debug|Any CPU
		{8AE553D0-52F2-4C3A-B0AD-37FA9DC3F11A}.Debug|Any CPU.Build.0 = Debug|Any CPU
		{8AE553D0-52F2-4C3A-B0AD-37FA9DC3F11A}.Release|Any CPU.ActiveCfg = Release|Any CPU
		{8AE553D0-52F2-4C3A-B0AD-37FA9DC3F11A}.Release|Any CPU.Build.0 = Release|Any CPU
		{F21CB6F8-CA20-4035-82BD-5838C271C4A2}.Debug|Any CPU.ActiveCfg = Debug|Any CPU
		{F21CB6F8-CA20-4035-82BD-5838C271C4A2}.Debug|Any CPU.Build.0 = Debug|Any CPU
		{F21CB6F8-CA20-4035-82BD-5838C271C4A2}.Release|Any CPU.ActiveCfg = Release|Any CPU
		{F21CB6F8-CA20-4035-82BD-5838C271C4A2}.Release|Any CPU.Build.0 = Release|Any CPU
		{2D579E4E-5826-4003-B287-D6756DE5BC5E}.Debug|Any CPU.ActiveCfg = Debug|Any CPU
		{2D579E4E-5826-4003-B287-D6756DE5BC5E}.Debug|Any CPU.Build.0 = Debug|Any CPU
		{2D579E4E-5826-4003-B287-D6756DE5BC5E}.Release|Any CPU.ActiveCfg = Release|Any CPU
		{2D579E4E-5826-4003-B287-D6756DE5BC5E}.Release|Any CPU.Build.0 = Release|Any CPU
		{7E9C88F0-BBD4-435C-A628-26F40D326E9F}.Debug|Any CPU.ActiveCfg = Debug|Any CPU
		{7E9C88F0-BBD4-435C-A628-26F40D326E9F}.Debug|Any CPU.Build.0 = Debug|Any CPU
		{7E9C88F0-BBD4-435C-A628-26F40D326E9F}.Release|Any CPU.ActiveCfg = Release|Any CPU
		{7E9C88F0-BBD4-435C-A628-26F40D326E9F}.Release|Any CPU.Build.0 = Release|Any CPU
	EndGlobalSection
	GlobalSection(SolutionProperties) = preSolution
		HideSolutionNode = FALSE
	EndGlobalSection
	GlobalSection(ExtensibilityGlobals) = postSolution
		SolutionGuid = {964DF6C7-69CB-426F-80DC-7451FDC74D4A}
	EndGlobalSection
EndGlobal
